// !$*UTF8*$!
{
	archiveVersion = 1;
	classes = {
	};
	objectVersion = 46;
	objects = {

/* Begin PBXBuildFile section */
		A47875F81D47FE0D0026692E /* main.cpp in Sources */ = {isa = PBXBuildFile; fileRef = A47875F71D47FE0D0026692E /* main.cpp */; };
		A47876001D47FFAB0026692E /* DataNode.cpp in Sources */ = {isa = PBXBuildFile; fileRef = A47875FE1D47FFAB0026692E /* DataNode.cpp */; };
		A47876041D480C980026692E /* NodeController.cpp in Sources */ = {isa = PBXBuildFile; fileRef = A47876021D480C980026692E /* NodeController.cpp */; };
		A4951F8A1D4A543D0084352C /* BinaryTreeNode.cpp in Sources */ = {isa = PBXBuildFile; fileRef = A4951F881D4A543D0084352C /* BinaryTreeNode.cpp */; };
		A4C486B71D4907EC0024C246 /* SummerArray.cpp in Sources */ = {isa = PBXBuildFile; fileRef = A4C486B51D4907EC0024C246 /* SummerArray.cpp */; };
		A4C486BA1D4944B80024C246 /* SummerList.cpp in Sources */ = {isa = PBXBuildFile; fileRef = A4C486B81D4944B80024C246 /* SummerList.cpp */; };
/* End PBXBuildFile section */

/* Begin PBXCopyFilesBuildPhase section */
		A47875F21D47FE0D0026692E /* CopyFiles */ = {
			isa = PBXCopyFilesBuildPhase;
			buildActionMask = 2147483647;
			dstPath = /usr/share/man/man1/;
			dstSubfolderSpec = 0;
			files = (
			);
			runOnlyForDeploymentPostprocessing = 1;
		};
/* End PBXCopyFilesBuildPhase section */

/* Begin PBXFileReference section */
		A47875F41D47FE0D0026692E /* SummerNodeProject */ = {isa = PBXFileReference; explicitFileType = "compiled.mach-o.executable"; includeInIndex = 0; path = SummerNodeProject; sourceTree = BUILT_PRODUCTS_DIR; };
		A47875F71D47FE0D0026692E /* main.cpp */ = {isa = PBXFileReference; lastKnownFileType = sourcecode.cpp.cpp; path = main.cpp; sourceTree = "<group>"; };
		A47875FE1D47FFAB0026692E /* DataNode.cpp */ = {isa = PBXFileReference; fileEncoding = 4; lastKnownFileType = sourcecode.cpp.cpp; name = DataNode.cpp; path = Model/DataNode.cpp; sourceTree = "<group>"; };
		A47875FF1D47FFAB0026692E /* DataNode.hpp */ = {isa = PBXFileReference; fileEncoding = 4; lastKnownFileType = sourcecode.cpp.h; name = DataNode.hpp; path = Model/DataNode.hpp; sourceTree = "<group>"; };
		A47876021D480C980026692E /* NodeController.cpp */ = {isa = PBXFileReference; fileEncoding = 4; lastKnownFileType = sourcecode.cpp.cpp; name = NodeController.cpp; path = Controller/NodeController.cpp; sourceTree = "<group>"; };
		A47876031D480C980026692E /* NodeController.hpp */ = {isa = PBXFileReference; fileEncoding = 4; lastKnownFileType = sourcecode.cpp.h; name = NodeController.hpp; path = Controller/NodeController.hpp; sourceTree = "<group>"; };
		A4951F881D4A543D0084352C /* BinaryTreeNode.cpp */ = {isa = PBXFileReference; fileEncoding = 4; lastKnownFileType = sourcecode.cpp.cpp; name = BinaryTreeNode.cpp; path = Model/BinaryTreeNode.cpp; sourceTree = "<group>"; };
		A4951F891D4A543D0084352C /* BinaryTreeNode.hpp */ = {isa = PBXFileReference; fileEncoding = 4; lastKnownFileType = sourcecode.cpp.h; name = BinaryTreeNode.hpp; path = Model/BinaryTreeNode.hpp; sourceTree = "<group>"; };
		A4C486B51D4907EC0024C246 /* SummerArray.cpp */ = {isa = PBXFileReference; fileEncoding = 4; lastKnownFileType = sourcecode.cpp.cpp; name = SummerArray.cpp; path = Model/SummerArray.cpp; sourceTree = "<group>"; };
		A4C486B61D4907EC0024C246 /* SummerArray.hpp */ = {isa = PBXFileReference; fileEncoding = 4; lastKnownFileType = sourcecode.cpp.h; name = SummerArray.hpp; path = Model/SummerArray.hpp; sourceTree = "<group>"; };
		A4C486B81D4944B80024C246 /* SummerList.cpp */ = {isa = PBXFileReference; fileEncoding = 4; lastKnownFileType = sourcecode.cpp.cpp; name = SummerList.cpp; path = Model/SummerList.cpp; sourceTree = "<group>"; };
		A4C486B91D4944B80024C246 /* SummerList.hpp */ = {isa = PBXFileReference; fileEncoding = 4; lastKnownFileType = sourcecode.cpp.h; name = SummerList.hpp; path = Model/SummerList.hpp; sourceTree = "<group>"; };
/* End PBXFileReference section */

/* Begin PBXFrameworksBuildPhase section */
		A47875F11D47FE0D0026692E /* Frameworks */ = {
			isa = PBXFrameworksBuildPhase;
			buildActionMask = 2147483647;
			files = (
			);
			runOnlyForDeploymentPostprocessing = 0;
		};
/* End PBXFrameworksBuildPhase section */

/* Begin PBXGroup section */
		A47875EB1D47FE0D0026692E = {
			isa = PBXGroup;
			children = (
				A47875F61D47FE0D0026692E /* SummerNodeProject */,
				A47875F51D47FE0D0026692E /* Products */,
			);
			sourceTree = "<group>";
		};
		A47875F51D47FE0D0026692E /* Products */ = {
			isa = PBXGroup;
			children = (
				A47875F41D47FE0D0026692E /* SummerNodeProject */,
			);
			name = Products;
			sourceTree = "<group>";
		};
		A47875F61D47FE0D0026692E /* SummerNodeProject */ = {
			isa = PBXGroup;
			children = (
				A47875F71D47FE0D0026692E /* main.cpp */,
				A47876011D47FFB70026692E /* Model */,
				A47876051D480CA00026692E /* Controller */,
			);
			path = SummerNodeProject;
			sourceTree = "<group>";
		};
		A47876011D47FFB70026692E /* Model */ = {
			isa = PBXGroup;
			children = (
				A47875FE1D47FFAB0026692E /* DataNode.cpp */,
				A47875FF1D47FFAB0026692E /* DataNode.hpp */,
				A4C486B51D4907EC0024C246 /* SummerArray.cpp */,
				A4C486B61D4907EC0024C246 /* SummerArray.hpp */,
				A4C486B81D4944B80024C246 /* SummerList.cpp */,
				A4C486B91D4944B80024C246 /* SummerList.hpp */,
				A4951F881D4A543D0084352C /* BinaryTreeNode.cpp */,
				A4951F891D4A543D0084352C /* BinaryTreeNode.hpp */,
				A4951F8B1D4A54910084352C /* New Group */,
			);
			name = Model;
			sourceTree = "<group>";
		};
		A47876051D480CA00026692E /* Controller */ = {
			isa = PBXGroup;
			children = (
				A47876021D480C980026692E /* NodeController.cpp */,
				A47876031D480C980026692E /* NodeController.hpp */,
			);
			name = Controller;
			sourceTree = "<group>";
		};
		A4951F8B1D4A54910084352C /* New Group */ = {
			isa = PBXGroup;
			children = (
			);
			name = "New Group";
			sourceTree = "<group>";
		};
/* End PBXGroup section */

/* Begin PBXNativeTarget section */
		A47875F31D47FE0D0026692E /* SummerNodeProject */ = {
			isa = PBXNativeTarget;
			buildConfigurationList = A47875FB1D47FE0D0026692E /* Build configuration list for PBXNativeTarget "SummerNodeProject" */;
			buildPhases = (
				A47875F01D47FE0D0026692E /* Sources */,
				A47875F11D47FE0D0026692E /* Frameworks */,
				A47875F21D47FE0D0026692E /* CopyFiles */,
			);
			buildRules = (
			);
			dependencies = (
			);
			name = SummerNodeProject;
			productName = SummerNodeProject;
			productReference = A47875F41D47FE0D0026692E /* SummerNodeProject */;
			productType = "com.apple.product-type.tool";
		};
/* End PBXNativeTarget section */

/* Begin PBXProject section */
		A47875EC1D47FE0D0026692E /* Project object */ = {
			isa = PBXProject;
			attributes = {
				LastUpgradeCheck = 0720;
				ORGANIZATIONNAME = CTEC;
				TargetAttributes = {
					A47875F31D47FE0D0026692E = {
						CreatedOnToolsVersion = 7.2;
					};
				};
			};
			buildConfigurationList = A47875EF1D47FE0D0026692E /* Build configuration list for PBXProject "SummerNodeProject" */;
			compatibilityVersion = "Xcode 3.2";
			developmentRegion = English;
			hasScannedForEncodings = 0;
			knownRegions = (
				en,
			);
			mainGroup = A47875EB1D47FE0D0026692E;
			productRefGroup = A47875F51D47FE0D0026692E /* Products */;
			projectDirPath = "";
			projectRoot = "";
			targets = (
				A47875F31D47FE0D0026692E /* SummerNodeProject */,
			);
		};
/* End PBXProject section */

/* Begin PBXSourcesBuildPhase section */
		A47875F01D47FE0D0026692E /* Sources */ = {
			isa = PBXSourcesBuildPhase;
			buildActionMask = 2147483647;
			files = (
				A4C486B71D4907EC0024C246 /* SummerArray.cpp in Sources */,
				A47876041D480C980026692E /* NodeController.cpp in Sources */,
				A4951F8A1D4A543D0084352C /* BinaryTreeNode.cpp in Sources */,
				A47875F81D47FE0D0026692E /* main.cpp in Sources */,
				A4C486BA1D4944B80024C246 /* SummerList.cpp in Sources */,
				A47876001D47FFAB0026692E /* DataNode.cpp in Sources */,
			);
			runOnlyForDeploymentPostprocessing = 0;
		};
/* End PBXSourcesBuildPhase section */

/* Begin XCBuildConfiguration section */
		A47875F91D47FE0D0026692E /* Debug */ = {
			isa = XCBuildConfiguration;
			buildSettings = {
				ALWAYS_SEARCH_USER_PATHS = NO;
				CLANG_CXX_LANGUAGE_STANDARD = "gnu++0x";
				CLANG_CXX_LIBRARY = "libc++";
				CLANG_ENABLE_MODULES = YES;
				CLANG_ENABLE_OBJC_ARC = YES;
				CLANG_WARN_BOOL_CONVERSION = YES;
				CLANG_WARN_CONSTANT_CONVERSION = YES;
				CLANG_WARN_DIRECT_OBJC_ISA_USAGE = YES_ERROR;
				CLANG_WARN_EMPTY_BODY = YES;
				CLANG_WARN_ENUM_CONVERSION = YES;
				CLANG_WARN_INT_CONVERSION = YES;
				CLANG_WARN_OBJC_ROOT_CLASS = YES_ERROR;
				CLANG_WARN_UNREACHABLE_CODE = YES;
				CLANG_WARN__DUPLICATE_METHOD_MATCH = YES;
				CODE_SIGN_IDENTITY = "-";
				COPY_PHASE_STRIP = NO;
				DEBUG_INFORMATION_FORMAT = dwarf;
				ENABLE_STRICT_OBJC_MSGSEND = YES;
				ENABLE_TESTABILITY = YES;
				GCC_C_LANGUAGE_STANDARD = gnu99;
				GCC_DYNAMIC_NO_PIC = NO;
				GCC_NO_COMMON_BLOCKS = YES;
				GCC_OPTIMIZATION_LEVEL = 0;
				GCC_PREPROCESSOR_DEFINITIONS = (
					"DEBUG=1",
					"$(inherited)",
				);
				GCC_WARN_64_TO_32_BIT_CONVERSION = YES;
				GCC_WARN_ABOUT_RETURN_TYPE = YES_ERROR;
				GCC_WARN_UNDECLARED_SELECTOR = YES;
				GCC_WARN_UNINITIALIZED_AUTOS = YES_AGGRESSIVE;
				GCC_WARN_UNUSED_FUNCTION = YES;
				GCC_WARN_UNUSED_VARIABLE = YES;
				MACOSX_DEPLOYMENT_TARGET = 10.10;
				MTL_ENABLE_DEBUG_INFO = YES;
				ONLY_ACTIVE_ARCH = YES;
				SDKROOT = macosx;
			};
			name = Debug;
		};
		A47875FA1D47FE0D0026692E /* Release */ = {
			isa = XCBuildConfiguration;
			buildSettings = {
				ALWAYS_SEARCH_USER_PATHS = NO;
				CLANG_CXX_LANGUAGE_STANDARD = "gnu++0x";
				CLANG_CXX_LIBRARY = "libc++";
				CLANG_ENABLE_MODULES = YES;
				CLANG_ENABLE_OBJC_ARC = YES;
				CLANG_WARN_BOOL_CONVERSION = YES;
				CLANG_WARN_CONSTANT_CONVERSION = YES;
				CLANG_WARN_DIRECT_OBJC_ISA_USAGE = YES_ERROR;
				CLANG_WARN_EMPTY_BODY = YES;
				CLANG_WARN_ENUM_CONVERSION = YES;
				CLANG_WARN_INT_CONVERSION = YES;
				CLANG_WARN_OBJC_ROOT_CLASS = YES_ERROR;
				CLANG_WARN_UNREACHABLE_CODE = YES;
				CLANG_WARN__DUPLICATE_METHOD_MATCH = YES;
				CODE_SIGN_IDENTITY = "-";
				COPY_PHASE_STRIP = NO;
				DEBUG_INFORMATION_FORMAT = "dwarf-with-dsym";
				ENABLE_NS_ASSERTIONS = NO;
				ENABLE_STRICT_OBJC_MSGSEND = YES;
				GCC_C_LANGUAGE_STANDARD = gnu99;
				GCC_NO_COMMON_BLOCKS = YES;
				GCC_WARN_64_TO_32_BIT_CONVERSION = YES;
				GCC_WARN_ABOUT_RETURN_TYPE = YES_ERROR;
				GCC_WARN_UNDECLARED_SELECTOR = YES;
				GCC_WARN_UNINITIALIZED_AUTOS = YES_AGGRESSIVE;
				GCC_WARN_UNUSED_FUNCTION = YES;
				GCC_WARN_UNUSED_VARIABLE = YES;
				MACOSX_DEPLOYMENT_TARGET = 10.10;
				MTL_ENABLE_DEBUG_INFO = NO;
				SDKROOT = macosx;
			};
			name = Release;
		};
		A47875FC1D47FE0D0026692E /* Debug */ = {
			isa = XCBuildConfiguration;
			buildSettings = {
				PRODUCT_NAME = "$(TARGET_NAME)";
			};
			name = Debug;
		};
		A47875FD1D47FE0D0026692E /* Release */ = {
			isa = XCBuildConfiguration;
			buildSettings = {
				PRODUCT_NAME = "$(TARGET_NAME)";
			};
			name = Release;
		};
/* End XCBuildConfiguration section */

/* Begin XCConfigurationList section */
		A47875EF1D47FE0D0026692E /* Build configuration list for PBXProject "SummerNodeProject" */ = {
			isa = XCConfigurationList;
			buildConfigurations = (
				A47875F91D47FE0D0026692E /* Debug */,
				A47875FA1D47FE0D0026692E /* Release */,
			);
			defaultConfigurationIsVisible = 0;
			defaultConfigurationName = Release;
		};
		A47875FB1D47FE0D0026692E /* Build configuration list for PBXNativeTarget "SummerNodeProject" */ = {
			isa = XCConfigurationList;
			buildConfigurations = (
				A47875FC1D47FE0D0026692E /* Debug */,
				A47875FD1D47FE0D0026692E /* Release */,
			);
			defaultConfigurationIsVisible = 0;
			defaultConfigurationName = Release;
		};
/* End XCConfigurationList section */
	};
	rootObject = A47875EC1D47FE0D0026692E /* Project object */;
}
